// !$*UTF8*$!
{
	archiveVersion = 1;
	classes = {
	};
	objectVersion = 48;
	objects = {

/* Begin PBXBuildFile section */
		198C9C6F66B62E50C454F609 /* Pods_SwiftLib.framework in Frameworks */ = {isa = PBXBuildFile; fileRef = 297FA56AA72BD4DC04EACC31 /* Pods_SwiftLib.framework */; };
		7D07FFD41FB6D71600BF16AD /* LPChatKeyboradDelegate.swift in Sources */ = {isa = PBXBuildFile; fileRef = 7D07FFD31FB6D71600BF16AD /* LPChatKeyboradDelegate.swift */; };
		7D0818B01F9F40770084A140 /* LPLiveStreamController.swift in Sources */ = {isa = PBXBuildFile; fileRef = 7D0818AE1F9F40770084A140 /* LPLiveStreamController.swift */; };
		7D0818B11F9F40770084A140 /* LPLiveStreamController.xib in Resources */ = {isa = PBXBuildFile; fileRef = 7D0818AF1F9F40770084A140 /* LPLiveStreamController.xib */; };
		7D085C801F8F48C7006CA52C /* AppDelegate.swift in Sources */ = {isa = PBXBuildFile; fileRef = 7D085C7F1F8F48C7006CA52C /* AppDelegate.swift */; };
		7D085C821F8F48C7006CA52C /* ViewController.swift in Sources */ = {isa = PBXBuildFile; fileRef = 7D085C811F8F48C7006CA52C /* ViewController.swift */; };
		7D085C851F8F48C7006CA52C /* Main.storyboard in Resources */ = {isa = PBXBuildFile; fileRef = 7D085C831F8F48C7006CA52C /* Main.storyboard */; };
		7D085C871F8F48C7006CA52C /* Assets.xcassets in Resources */ = {isa = PBXBuildFile; fileRef = 7D085C861F8F48C7006CA52C /* Assets.xcassets */; };
		7D085C8A1F8F48C7006CA52C /* LaunchScreen.storyboard in Resources */ = {isa = PBXBuildFile; fileRef = 7D085C881F8F48C7006CA52C /* LaunchScreen.storyboard */; };
		7D085CD21F8F61EB006CA52C /* Macros.swift in Sources */ = {isa = PBXBuildFile; fileRef = 7D085CD11F8F61EB006CA52C /* Macros.swift */; };
		7D085CD41F8F63E9006CA52C /* HttpRequest.swift in Sources */ = {isa = PBXBuildFile; fileRef = 7D085CD31F8F63E9006CA52C /* HttpRequest.swift */; };
		7D085CD91F8F6425006CA52C /* SwiftyJSON.swift in Sources */ = {isa = PBXBuildFile; fileRef = 7D085CD81F8F6425006CA52C /* SwiftyJSON.swift */; };
		7D085CDB1F8F7589006CA52C /* UIColor+Extension.swift in Sources */ = {isa = PBXBuildFile; fileRef = 7D085CDA1F8F7589006CA52C /* UIColor+Extension.swift */; };
		7D085CDD1F8F7605006CA52C /* String+Extension.swift in Sources */ = {isa = PBXBuildFile; fileRef = 7D085CDC1F8F7605006CA52C /* String+Extension.swift */; };
		7D179DAB1FA02AA0008F4B97 /* libbz2.tbd in Frameworks */ = {isa = PBXBuildFile; fileRef = 7D179DAA1FA02AA0008F4B97 /* libbz2.tbd */; };
		7D179DAD1FA02AAB008F4B97 /* libz.tbd in Frameworks */ = {isa = PBXBuildFile; fileRef = 7D179DAC1FA02AAB008F4B97 /* libz.tbd */; };
		7D179DB11FA073EC008F4B97 /* Date+Extension.swift in Sources */ = {isa = PBXBuildFile; fileRef = 7D179DB01FA073EC008F4B97 /* Date+Extension.swift */; };
		7D57B9511FB04C1F00CF54E6 /* LPChatViewController.swift in Sources */ = {isa = PBXBuildFile; fileRef = 7D57B9501FB04C1F00CF54E6 /* LPChatViewController.swift */; };
		7D5A9B451FAB18A600A70DB0 /* LPKeyboardMoreView.swift in Sources */ = {isa = PBXBuildFile; fileRef = 7D5A9B441FAB18A600A70DB0 /* LPKeyboardMoreView.swift */; };
		7D5C2D091FA082F2008C1F75 /* LPPlayerController.swift in Sources */ = {isa = PBXBuildFile; fileRef = 7D5C2D071FA082F2008C1F75 /* LPPlayerController.swift */; };
		7D5C2D0A1FA082F2008C1F75 /* LPPlayerController.xib in Resources */ = {isa = PBXBuildFile; fileRef = 7D5C2D081FA082F2008C1F75 /* LPPlayerController.xib */; };
		7D5C2D0D1FA08437008C1F75 /* LiveListCell.swift in Sources */ = {isa = PBXBuildFile; fileRef = 7D5C2D0B1FA08437008C1F75 /* LiveListCell.swift */; };
		7D5C2D0E1FA08437008C1F75 /* LiveListCell.xib in Resources */ = {isa = PBXBuildFile; fileRef = 7D5C2D0C1FA08437008C1F75 /* LiveListCell.xib */; };
		7D5C2D101FA0848E008C1F75 /* LPLiveListController.swift in Sources */ = {isa = PBXBuildFile; fileRef = 7D5C2D0F1FA0848E008C1F75 /* LPLiveListController.swift */; };
		7D5C2D121FA08DC4008C1F75 /* SnapkitDemo.swift in Sources */ = {isa = PBXBuildFile; fileRef = 7D5C2D111FA08DC4008C1F75 /* SnapkitDemo.swift */; };
		7D6085AA1FAC13F7001E954D /* DownloadController.swift in Sources */ = {isa = PBXBuildFile; fileRef = 7D6085A81FAC13F7001E954D /* DownloadController.swift */; };
		7D6085AB1FAC13F7001E954D /* DownloadController.xib in Resources */ = {isa = PBXBuildFile; fileRef = 7D6085A91FAC13F7001E954D /* DownloadController.xib */; };
		7D6085AE1FAC1608001E954D /* DownloadCell.swift in Sources */ = {isa = PBXBuildFile; fileRef = 7D6085AC1FAC1608001E954D /* DownloadCell.swift */; };
		7D6085AF1FAC1608001E954D /* DownloadCell.xib in Resources */ = {isa = PBXBuildFile; fileRef = 7D6085AD1FAC1608001E954D /* DownloadCell.xib */; };
		7D6085B11FAC6174001E954D /* SVProgressHUDTool.swift in Sources */ = {isa = PBXBuildFile; fileRef = 7D6085B01FAC6174001E954D /* SVProgressHUDTool.swift */; };
		7D6314001FA09A8E00084BB2 /* LivelistModel.swift in Sources */ = {isa = PBXBuildFile; fileRef = 7D6313FF1FA09A8E00084BB2 /* LivelistModel.swift */; };
		7D6B127E1FA854D400E33B82 /* LPEmotionHelper.swift in Sources */ = {isa = PBXBuildFile; fileRef = 7D6B127D1FA854D400E33B82 /* LPEmotionHelper.swift */; };
		7D6B12801FA862A300E33B82 /* EmotionAttachment.swift in Sources */ = {isa = PBXBuildFile; fileRef = 7D6B127F1FA862A300E33B82 /* EmotionAttachment.swift */; };
		7D6B12821FA8680800E33B82 /* UITextView+Extenstion.swift in Sources */ = {isa = PBXBuildFile; fileRef = 7D6B12811FA8680800E33B82 /* UITextView+Extenstion.swift */; };
		7D6B12841FA86DB100E33B82 /* LPEmotionView.swift in Sources */ = {isa = PBXBuildFile; fileRef = 7D6B12831FA86DB100E33B82 /* LPEmotionView.swift */; };
		7D70A5FE1FA716B900BA18E9 /* IMCommon.swift in Sources */ = {isa = PBXBuildFile; fileRef = 7D70A5FD1FA716B900BA18E9 /* IMCommon.swift */; };
		7D70A6051FA71F3A00BA18E9 /* AppDelegate+Extension.swift in Sources */ = {isa = PBXBuildFile; fileRef = 7D70A6041FA71F3A00BA18E9 /* AppDelegate+Extension.swift */; };
		7D70A6071FA7209300BA18E9 /* IMSDKManager.swift in Sources */ = {isa = PBXBuildFile; fileRef = 7D70A6061FA7209300BA18E9 /* IMSDKManager.swift */; };
		7D70A6091FA7211700BA18E9 /* LPChatBarView.swift in Sources */ = {isa = PBXBuildFile; fileRef = 7D70A6081FA7211700BA18E9 /* LPChatBarView.swift */; };
		7D70A60D1FA7268900BA18E9 /* LPEmotion.swift in Sources */ = {isa = PBXBuildFile; fileRef = 7D70A60C1FA7268900BA18E9 /* LPEmotion.swift */; };
		7D8298EA1FA3345A00FDA8D9 /* SwiftDateHelper.swift in Sources */ = {isa = PBXBuildFile; fileRef = 7D8298E91FA3345A00FDA8D9 /* SwiftDateHelper.swift */; };
		7DA70D201F9090E5001CEE27 /* LPVerticalBtn.swift in Sources */ = {isa = PBXBuildFile; fileRef = 7DA70D1F1F9090E5001CEE27 /* LPVerticalBtn.swift */; };
		7DA70D221F9093E9001CEE27 /* LPBaseViewController.swift in Sources */ = {isa = PBXBuildFile; fileRef = 7DA70D211F9093E9001CEE27 /* LPBaseViewController.swift */; };
		7DA70D241F90996B001CEE27 /* LPPhotoHelper.swift in Sources */ = {isa = PBXBuildFile; fileRef = 7DA70D231F90996B001CEE27 /* LPPhotoHelper.swift */; };
		7DB86DAF1F999ED500402BA9 /* GenalNotes.swift in Sources */ = {isa = PBXBuildFile; fileRef = 7DB86DAE1F999ED500402BA9 /* GenalNotes.swift */; };
		7DB86DB11F99A5AD00402BA9 /* LPFileManager.swift in Sources */ = {isa = PBXBuildFile; fileRef = 7DB86DB01F99A5AD00402BA9 /* LPFileManager.swift */; };
		7DB86DB31F99EA2A00402BA9 /* LPDownloadView.swift in Sources */ = {isa = PBXBuildFile; fileRef = 7DB86DB21F99EA2A00402BA9 /* LPDownloadView.swift */; };
		7DB86DB51F99EA3300402BA9 /* LPDownloadView.xib in Resources */ = {isa = PBXBuildFile; fileRef = 7DB86DB41F99EA3300402BA9 /* LPDownloadView.xib */; };
		7DD534AE1FA9A43A00784C1A /* UseYYKit.swift in Sources */ = {isa = PBXBuildFile; fileRef = 7DD534AD1FA9A43A00784C1A /* UseYYKit.swift */; };
		7DDA44691FB6D2930041EF5A /* ChatRecordHUD.swift in Sources */ = {isa = PBXBuildFile; fileRef = 7DDA44681FB6D2930041EF5A /* ChatRecordHUD.swift */; };
		7DDFCE2C1FA96CEB001463F2 /* ConvertModelData.swift in Sources */ = {isa = PBXBuildFile; fileRef = 7DDFCE2B1FA96CEB001463F2 /* ConvertModelData.swift */; };
		7DE2FBEE1F9889D60028506D /* HttpNet.swift in Sources */ = {isa = PBXBuildFile; fileRef = 7DE2FBED1F9889D60028506D /* HttpNet.swift */; };
		7DE2FBF01F988A0B0028506D /* RequestManager.swift in Sources */ = {isa = PBXBuildFile; fileRef = 7DE2FBEF1F988A0B0028506D /* RequestManager.swift */; };
		7DE2FBF21F988A410028506D /* DownloadManager.swift in Sources */ = {isa = PBXBuildFile; fileRef = 7DE2FBF11F988A410028506D /* DownloadManager.swift */; };
		7DF434811F90BF83006D5698 /* XibNormalView.swift in Sources */ = {isa = PBXBuildFile; fileRef = 7DF434801F90BF83006D5698 /* XibNormalView.swift */; };
		7DF434851F90BFB2006D5698 /* XibNormalView.xib in Resources */ = {isa = PBXBuildFile; fileRef = 7DF434841F90BFB2006D5698 /* XibNormalView.xib */; };
		7DF66B521FB585B400A7CC05 /* LPChatKeyboard.swift in Sources */ = {isa = PBXBuildFile; fileRef = 7DF66B511FB585B400A7CC05 /* LPChatKeyboard.swift */; };
		7DF66B541FB59BAF00A7CC05 /* KeyboardBtn.swift in Sources */ = {isa = PBXBuildFile; fileRef = 7DF66B531FB59BAF00A7CC05 /* KeyboardBtn.swift */; };
		7DFC9A171FA31BCB009FF4B0 /* Expression.bundle in Resources */ = {isa = PBXBuildFile; fileRef = 7DFC9A151FA31BCB009FF4B0 /* Expression.bundle */; };
		7DFC9A181FA31BCB009FF4B0 /* Expression.plist in Resources */ = {isa = PBXBuildFile; fileRef = 7DFC9A161FA31BCB009FF4B0 /* Expression.plist */; };
		7DFC9A1A1FA31C07009FF4B0 /* UIView+Extension.swift in Sources */ = {isa = PBXBuildFile; fileRef = 7DFC9A191FA31C07009FF4B0 /* UIView+Extension.swift */; };
/* End PBXBuildFile section */

/* Begin PBXFileReference section */
		25DC4ED96E3E1D967B2B66FD /* Pods-SwiftLib.release.xcconfig */ = {isa = PBXFileReference; includeInIndex = 1; lastKnownFileType = text.xcconfig; name = "Pods-SwiftLib.release.xcconfig"; path = "Pods/Target Support Files/Pods-SwiftLib/Pods-SwiftLib.release.xcconfig"; sourceTree = "<group>"; };
		297FA56AA72BD4DC04EACC31 /* Pods_SwiftLib.framework */ = {isa = PBXFileReference; explicitFileType = wrapper.framework; includeInIndex = 0; path = Pods_SwiftLib.framework; sourceTree = BUILT_PRODUCTS_DIR; };
		3913A978728E1E0117FEEDC5 /* Pods-SwiftLib.debug.xcconfig */ = {isa = PBXFileReference; includeInIndex = 1; lastKnownFileType = text.xcconfig; name = "Pods-SwiftLib.debug.xcconfig"; path = "Pods/Target Support Files/Pods-SwiftLib/Pods-SwiftLib.debug.xcconfig"; sourceTree = "<group>"; };
		7D07FFD31FB6D71600BF16AD /* LPChatKeyboradDelegate.swift */ = {isa = PBXFileReference; lastKnownFileType = sourcecode.swift; path = LPChatKeyboradDelegate.swift; sourceTree = "<group>"; };
		7D0818AE1F9F40770084A140 /* LPLiveStreamController.swift */ = {isa = PBXFileReference; lastKnownFileType = sourcecode.swift; path = LPLiveStreamController.swift; sourceTree = "<group>"; };
		7D0818AF1F9F40770084A140 /* LPLiveStreamController.xib */ = {isa = PBXFileReference; lastKnownFileType = file.xib; path = LPLiveStreamController.xib; sourceTree = "<group>"; };
		7D0818B21F9F42E50084A140 /* Swift_OC_Bridging.h */ = {isa = PBXFileReference; lastKnownFileType = sourcecode.c.h; path = Swift_OC_Bridging.h; sourceTree = "<group>"; };
		7D085C7C1F8F48C7006CA52C /* SwiftLib.app */ = {isa = PBXFileReference; explicitFileType = wrapper.application; includeInIndex = 0; path = SwiftLib.app; sourceTree = BUILT_PRODUCTS_DIR; };
		7D085C7F1F8F48C7006CA52C /* AppDelegate.swift */ = {isa = PBXFileReference; lastKnownFileType = sourcecode.swift; path = AppDelegate.swift; sourceTree = "<group>"; };
		7D085C811F8F48C7006CA52C /* ViewController.swift */ = {isa = PBXFileReference; lastKnownFileType = sourcecode.swift; path = ViewController.swift; sourceTree = "<group>"; };
		7D085C841F8F48C7006CA52C /* Base */ = {isa = PBXFileReference; lastKnownFileType = file.storyboard; name = Base; path = Base.lproj/Main.storyboard; sourceTree = "<group>"; };
		7D085C861F8F48C7006CA52C /* Assets.xcassets */ = {isa = PBXFileReference; lastKnownFileType = folder.assetcatalog; path = Assets.xcassets; sourceTree = "<group>"; };
		7D085C891F8F48C7006CA52C /* Base */ = {isa = PBXFileReference; lastKnownFileType = file.storyboard; name = Base; path = Base.lproj/LaunchScreen.storyboard; sourceTree = "<group>"; };
		7D085C8B1F8F48C7006CA52C /* Info.plist */ = {isa = PBXFileReference; lastKnownFileType = text.plist.xml; path = Info.plist; sourceTree = "<group>"; };
		7D085CD11F8F61EB006CA52C /* Macros.swift */ = {isa = PBXFileReference; lastKnownFileType = sourcecode.swift; path = Macros.swift; sourceTree = "<group>"; };
		7D085CD31F8F63E9006CA52C /* HttpRequest.swift */ = {isa = PBXFileReference; lastKnownFileType = sourcecode.swift; path = HttpRequest.swift; sourceTree = "<group>"; };
		7D085CD71F8F6425006CA52C /* SwiftyJSON.h */ = {isa = PBXFileReference; fileEncoding = 4; lastKnownFileType = sourcecode.c.h; path = SwiftyJSON.h; sourceTree = "<group>"; };
		7D085CD81F8F6425006CA52C /* SwiftyJSON.swift */ = {isa = PBXFileReference; fileEncoding = 4; lastKnownFileType = sourcecode.swift; path = SwiftyJSON.swift; sourceTree = "<group>"; };
		7D085CDA1F8F7589006CA52C /* UIColor+Extension.swift */ = {isa = PBXFileReference; lastKnownFileType = sourcecode.swift; path = "UIColor+Extension.swift"; sourceTree = "<group>"; };
		7D085CDC1F8F7605006CA52C /* String+Extension.swift */ = {isa = PBXFileReference; lastKnownFileType = sourcecode.swift; path = "String+Extension.swift"; sourceTree = "<group>"; };
		7D179DAA1FA02AA0008F4B97 /* libbz2.tbd */ = {isa = PBXFileReference; lastKnownFileType = "sourcecode.text-based-dylib-definition"; name = libbz2.tbd; path = usr/lib/libbz2.tbd; sourceTree = SDKROOT; };
		7D179DAC1FA02AAB008F4B97 /* libz.tbd */ = {isa = PBXFileReference; lastKnownFileType = "sourcecode.text-based-dylib-definition"; name = libz.tbd; path = usr/lib/libz.tbd; sourceTree = SDKROOT; };
		7D179DB01FA073EC008F4B97 /* Date+Extension.swift */ = {isa = PBXFileReference; lastKnownFileType = sourcecode.swift; path = "Date+Extension.swift"; sourceTree = "<group>"; };
		7D24C01F1FA1CAFE00D81359 /* CoreVideo.framework */ = {isa = PBXFileReference; lastKnownFileType = wrapper.framework; name = CoreVideo.framework; path = System/Library/Frameworks/CoreVideo.framework; sourceTree = SDKROOT; };
		7D24C0201FA1CB0B00D81359 /* MediaPlayer.framework */ = {isa = PBXFileReference; lastKnownFileType = wrapper.framework; name = MediaPlayer.framework; path = System/Library/Frameworks/MediaPlayer.framework; sourceTree = SDKROOT; };
		7D57B9501FB04C1F00CF54E6 /* LPChatViewController.swift */ = {isa = PBXFileReference; lastKnownFileType = sourcecode.swift; path = LPChatViewController.swift; sourceTree = "<group>"; };
		7D57C2561FA1BA78007D1DB5 /* QuartzCore.framework */ = {isa = PBXFileReference; lastKnownFileType = wrapper.framework; name = QuartzCore.framework; path = System/Library/Frameworks/QuartzCore.framework; sourceTree = SDKROOT; };
		7D57C2571FA1BA9C007D1DB5 /* CoreGraphics.framework */ = {isa = PBXFileReference; lastKnownFileType = wrapper.framework; name = CoreGraphics.framework; path = System/Library/Frameworks/CoreGraphics.framework; sourceTree = SDKROOT; };
		7D57C2581FA1BAB0007D1DB5 /* AudioToolbox.framework */ = {isa = PBXFileReference; lastKnownFileType = wrapper.framework; name = AudioToolbox.framework; path = System/Library/Frameworks/AudioToolbox.framework; sourceTree = SDKROOT; };
		7D57C2591FA1BACF007D1DB5 /* AVFoundation.framework */ = {isa = PBXFileReference; lastKnownFileType = wrapper.framework; name = AVFoundation.framework; path = System/Library/Frameworks/AVFoundation.framework; sourceTree = SDKROOT; };
		7D57C25C1FA1BB09007D1DB5 /* ImageIO.framework */ = {isa = PBXFileReference; lastKnownFileType = wrapper.framework; name = ImageIO.framework; path = System/Library/Frameworks/ImageIO.framework; sourceTree = SDKROOT; };
		7D57C25D1FA1BB10007D1DB5 /* CoreMedia.framework */ = {isa = PBXFileReference; lastKnownFileType = wrapper.framework; name = CoreMedia.framework; path = System/Library/Frameworks/CoreMedia.framework; sourceTree = SDKROOT; };
		7D57C25E1FA1BB1B007D1DB5 /* OpenGLES.framework */ = {isa = PBXFileReference; lastKnownFileType = wrapper.framework; name = OpenGLES.framework; path = System/Library/Frameworks/OpenGLES.framework; sourceTree = SDKROOT; };
		7D57C25F1FA1BB21007D1DB5 /* MobileCoreServices.framework */ = {isa = PBXFileReference; lastKnownFileType = wrapper.framework; name = MobileCoreServices.framework; path = System/Library/Frameworks/MobileCoreServices.framework; sourceTree = SDKROOT; };
		7D5A9B441FAB18A600A70DB0 /* LPKeyboardMoreView.swift */ = {isa = PBXFileReference; lastKnownFileType = sourcecode.swift; path = LPKeyboardMoreView.swift; sourceTree = "<group>"; };
		7D5C2D071FA082F2008C1F75 /* LPPlayerController.swift */ = {isa = PBXFileReference; lastKnownFileType = sourcecode.swift; path = LPPlayerController.swift; sourceTree = "<group>"; };
		7D5C2D081FA082F2008C1F75 /* LPPlayerController.xib */ = {isa = PBXFileReference; lastKnownFileType = file.xib; path = LPPlayerController.xib; sourceTree = "<group>"; };
		7D5C2D0B1FA08437008C1F75 /* LiveListCell.swift */ = {isa = PBXFileReference; lastKnownFileType = sourcecode.swift; path = LiveListCell.swift; sourceTree = "<group>"; };
		7D5C2D0C1FA08437008C1F75 /* LiveListCell.xib */ = {isa = PBXFileReference; lastKnownFileType = file.xib; path = LiveListCell.xib; sourceTree = "<group>"; };
		7D5C2D0F1FA0848E008C1F75 /* LPLiveListController.swift */ = {isa = PBXFileReference; lastKnownFileType = sourcecode.swift; path = LPLiveListController.swift; sourceTree = "<group>"; };
		7D5C2D111FA08DC4008C1F75 /* SnapkitDemo.swift */ = {isa = PBXFileReference; lastKnownFileType = sourcecode.swift; path = SnapkitDemo.swift; sourceTree = "<group>"; };
		7D6085A81FAC13F7001E954D /* DownloadController.swift */ = {isa = PBXFileReference; lastKnownFileType = sourcecode.swift; path = DownloadController.swift; sourceTree = "<group>"; };
		7D6085A91FAC13F7001E954D /* DownloadController.xib */ = {isa = PBXFileReference; lastKnownFileType = file.xib; path = DownloadController.xib; sourceTree = "<group>"; };
		7D6085AC1FAC1608001E954D /* DownloadCell.swift */ = {isa = PBXFileReference; lastKnownFileType = sourcecode.swift; path = DownloadCell.swift; sourceTree = "<group>"; };
		7D6085AD1FAC1608001E954D /* DownloadCell.xib */ = {isa = PBXFileReference; lastKnownFileType = file.xib; path = DownloadCell.xib; sourceTree = "<group>"; };
		7D6085B01FAC6174001E954D /* SVProgressHUDTool.swift */ = {isa = PBXFileReference; lastKnownFileType = sourcecode.swift; path = SVProgressHUDTool.swift; sourceTree = "<group>"; };
		7D6313FF1FA09A8E00084BB2 /* LivelistModel.swift */ = {isa = PBXFileReference; lastKnownFileType = sourcecode.swift; path = LivelistModel.swift; sourceTree = "<group>"; };
		7D6B127D1FA854D400E33B82 /* LPEmotionHelper.swift */ = {isa = PBXFileReference; lastKnownFileType = sourcecode.swift; path = LPEmotionHelper.swift; sourceTree = "<group>"; };
		7D6B127F1FA862A300E33B82 /* EmotionAttachment.swift */ = {isa = PBXFileReference; lastKnownFileType = sourcecode.swift; path = EmotionAttachment.swift; sourceTree = "<group>"; };
		7D6B12811FA8680800E33B82 /* UITextView+Extenstion.swift */ = {isa = PBXFileReference; lastKnownFileType = sourcecode.swift; path = "UITextView+Extenstion.swift"; sourceTree = "<group>"; };
		7D6B12831FA86DB100E33B82 /* LPEmotionView.swift */ = {isa = PBXFileReference; lastKnownFileType = sourcecode.swift; path = LPEmotionView.swift; sourceTree = "<group>"; };
		7D70A5FD1FA716B900BA18E9 /* IMCommon.swift */ = {isa = PBXFileReference; lastKnownFileType = sourcecode.swift; path = IMCommon.swift; sourceTree = "<group>"; };
		7D70A6041FA71F3A00BA18E9 /* AppDelegate+Extension.swift */ = {isa = PBXFileReference; lastKnownFileType = sourcecode.swift; path = "AppDelegate+Extension.swift"; sourceTree = "<group>"; };
		7D70A6061FA7209300BA18E9 /* IMSDKManager.swift */ = {isa = PBXFileReference; lastKnownFileType = sourcecode.swift; path = IMSDKManager.swift; sourceTree = "<group>"; };
		7D70A6081FA7211700BA18E9 /* LPChatBarView.swift */ = {isa = PBXFileReference; lastKnownFileType = sourcecode.swift; path = LPChatBarView.swift; sourceTree = "<group>"; };
		7D70A60C1FA7268900BA18E9 /* LPEmotion.swift */ = {isa = PBXFileReference; lastKnownFileType = sourcecode.swift; path = LPEmotion.swift; sourceTree = "<group>"; };
		7D8298E91FA3345A00FDA8D9 /* SwiftDateHelper.swift */ = {isa = PBXFileReference; lastKnownFileType = sourcecode.swift; path = SwiftDateHelper.swift; sourceTree = "<group>"; };
		7DA70D1F1F9090E5001CEE27 /* LPVerticalBtn.swift */ = {isa = PBXFileReference; lastKnownFileType = sourcecode.swift; path = LPVerticalBtn.swift; sourceTree = "<group>"; };
		7DA70D211F9093E9001CEE27 /* LPBaseViewController.swift */ = {isa = PBXFileReference; lastKnownFileType = sourcecode.swift; path = LPBaseViewController.swift; sourceTree = "<group>"; };
		7DA70D231F90996B001CEE27 /* LPPhotoHelper.swift */ = {isa = PBXFileReference; lastKnownFileType = sourcecode.swift; path = LPPhotoHelper.swift; sourceTree = "<group>"; };
		7DB86DAE1F999ED500402BA9 /* GenalNotes.swift */ = {isa = PBXFileReference; lastKnownFileType = sourcecode.swift; path = GenalNotes.swift; sourceTree = "<group>"; };
		7DB86DB01F99A5AD00402BA9 /* LPFileManager.swift */ = {isa = PBXFileReference; lastKnownFileType = sourcecode.swift; path = LPFileManager.swift; sourceTree = "<group>"; };
		7DB86DB21F99EA2A00402BA9 /* LPDownloadView.swift */ = {isa = PBXFileReference; lastKnownFileType = sourcecode.swift; path = LPDownloadView.swift; sourceTree = "<group>"; };
		7DB86DB41F99EA3300402BA9 /* LPDownloadView.xib */ = {isa = PBXFileReference; lastKnownFileType = file.xib; path = LPDownloadView.xib; sourceTree = "<group>"; };
		7DD534AD1FA9A43A00784C1A /* UseYYKit.swift */ = {isa = PBXFileReference; lastKnownFileType = sourcecode.swift; path = UseYYKit.swift; sourceTree = "<group>"; };
		7DDA44681FB6D2930041EF5A /* ChatRecordHUD.swift */ = {isa = PBXFileReference; lastKnownFileType = sourcecode.swift; path = ChatRecordHUD.swift; sourceTree = "<group>"; };
		7DDFCE2B1FA96CEB001463F2 /* ConvertModelData.swift */ = {isa = PBXFileReference; lastKnownFileType = sourcecode.swift; path = ConvertModelData.swift; sourceTree = "<group>"; };
		7DE2FBED1F9889D60028506D /* HttpNet.swift */ = {isa = PBXFileReference; lastKnownFileType = sourcecode.swift; path = HttpNet.swift; sourceTree = "<group>"; };
		7DE2FBEF1F988A0B0028506D /* RequestManager.swift */ = {isa = PBXFileReference; lastKnownFileType = sourcecode.swift; path = RequestManager.swift; sourceTree = "<group>"; };
		7DE2FBF11F988A410028506D /* DownloadManager.swift */ = {isa = PBXFileReference; lastKnownFileType = sourcecode.swift; path = DownloadManager.swift; sourceTree = "<group>"; };
		7DF434801F90BF83006D5698 /* XibNormalView.swift */ = {isa = PBXFileReference; lastKnownFileType = sourcecode.swift; path = XibNormalView.swift; sourceTree = "<group>"; };
		7DF434841F90BFB2006D5698 /* XibNormalView.xib */ = {isa = PBXFileReference; lastKnownFileType = file.xib; path = XibNormalView.xib; sourceTree = "<group>"; };
		7DF66B511FB585B400A7CC05 /* LPChatKeyboard.swift */ = {isa = PBXFileReference; lastKnownFileType = sourcecode.swift; path = LPChatKeyboard.swift; sourceTree = "<group>"; };
		7DF66B531FB59BAF00A7CC05 /* KeyboardBtn.swift */ = {isa = PBXFileReference; lastKnownFileType = sourcecode.swift; path = KeyboardBtn.swift; sourceTree = "<group>"; };
		7DFC9A151FA31BCB009FF4B0 /* Expression.bundle */ = {isa = PBXFileReference; lastKnownFileType = "wrapper.plug-in"; path = Expression.bundle; sourceTree = "<group>"; };
		7DFC9A161FA31BCB009FF4B0 /* Expression.plist */ = {isa = PBXFileReference; fileEncoding = 4; lastKnownFileType = text.plist.xml; path = Expression.plist; sourceTree = "<group>"; };
		7DFC9A191FA31C07009FF4B0 /* UIView+Extension.swift */ = {isa = PBXFileReference; lastKnownFileType = sourcecode.swift; path = "UIView+Extension.swift"; sourceTree = "<group>"; };
/* End PBXFileReference section */

/* Begin PBXFrameworksBuildPhase section */
		7D085C791F8F48C7006CA52C /* Frameworks */ = {
			isa = PBXFrameworksBuildPhase;
			buildActionMask = 2147483647;
			files = (
				198C9C6F66B62E50C454F609 /* Pods_SwiftLib.framework in Frameworks */,
				7D179DAD1FA02AAB008F4B97 /* libz.tbd in Frameworks */,
				7D179DAB1FA02AA0008F4B97 /* libbz2.tbd in Frameworks */,
			);
			runOnlyForDeploymentPostprocessing = 0;
		};
/* End PBXFrameworksBuildPhase section */

/* Begin PBXGroup section */
		0EF0767C5E9BCC5AB2C49F83 /* Pods */ = {
			isa = PBXGroup;
			children = (
				3913A978728E1E0117FEEDC5 /* Pods-SwiftLib.debug.xcconfig */,
				25DC4ED96E3E1D967B2B66FD /* Pods-SwiftLib.release.xcconfig */,
			);
			name = Pods;
			sourceTree = "<group>";
		};
		7D0818A81F9F3CBA0084A140 /* 主要项目 */ = {
			isa = PBXGroup;
			children = (
				7D6085A71FAC13D0001E954D /* 下载页面 */,
				7DDFCE281FA96A76001463F2 /* YYKit + JsonEncoder */,
				7D70A5FC1FA716A200BA18E9 /* 即时通讯 */,
				7D0818A91F9F3CDD0084A140 /* 推拉流 */,
			);
			path = "主要项目";
			sourceTree = "<group>";
		};
		7D0818A91F9F3CDD0084A140 /* 推拉流 */ = {
			isa = PBXGroup;
			children = (
				7D0818AE1F9F40770084A140 /* LPLiveStreamController.swift */,
				7D0818AF1F9F40770084A140 /* LPLiveStreamController.xib */,
				7D5C2D0F1FA0848E008C1F75 /* LPLiveListController.swift */,
				7D6313FF1FA09A8E00084BB2 /* LivelistModel.swift */,
				7D5C2D0B1FA08437008C1F75 /* LiveListCell.swift */,
				7D5C2D0C1FA08437008C1F75 /* LiveListCell.xib */,
				7D5C2D071FA082F2008C1F75 /* LPPlayerController.swift */,
				7D5C2D081FA082F2008C1F75 /* LPPlayerController.xib */,
			);
			path = "推拉流";
			sourceTree = "<group>";
		};
		7D085C731F8F48C7006CA52C = {
			isa = PBXGroup;
			children = (
				7D085C7E1F8F48C7006CA52C /* SwiftLib */,
				7D085C7D1F8F48C7006CA52C /* Products */,
				0EF0767C5E9BCC5AB2C49F83 /* Pods */,
				EB5A9DB143C789C088B1A324 /* Frameworks */,
			);
			sourceTree = "<group>";
		};
		7D085C7D1F8F48C7006CA52C /* Products */ = {
			isa = PBXGroup;
			children = (
				7D085C7C1F8F48C7006CA52C /* SwiftLib.app */,
			);
			name = Products;
			sourceTree = "<group>";
		};
		7D085C7E1F8F48C7006CA52C /* SwiftLib */ = {
			isa = PBXGroup;
			children = (
				7D085C7F1F8F48C7006CA52C /* AppDelegate.swift */,
				7D70A6041FA71F3A00BA18E9 /* AppDelegate+Extension.swift */,
				7D085C811F8F48C7006CA52C /* ViewController.swift */,
				7DB86DAE1F999ED500402BA9 /* GenalNotes.swift */,
				7D0818A81F9F3CBA0084A140 /* 主要项目 */,
				7D085CD51F8F6406006CA52C /* Third */,
				7D085C941F8F507E006CA52C /* MVC */,
				7D085C931F8F5038006CA52C /* Extendion */,
				7D085C921F8F5032006CA52C /* Tools */,
				7D085C911F8F5014006CA52C /* Constant */,
				7DFC9A131FA31B9E009FF4B0 /* Resources */,
				7D085C831F8F48C7006CA52C /* Main.storyboard */,
				7D085C861F8F48C7006CA52C /* Assets.xcassets */,
				7D085C881F8F48C7006CA52C /* LaunchScreen.storyboard */,
				7D085C8B1F8F48C7006CA52C /* Info.plist */,
			);
			path = SwiftLib;
			sourceTree = "<group>";
		};
		7D085C911F8F5014006CA52C /* Constant */ = {
			isa = PBXGroup;
			children = (
				7D085CD11F8F61EB006CA52C /* Macros.swift */,
				7D0818B21F9F42E50084A140 /* Swift_OC_Bridging.h */,
			);
			path = Constant;
			sourceTree = "<group>";
		};
		7D085C921F8F5032006CA52C /* Tools */ = {
			isa = PBXGroup;
			children = (
				7DE2FBEC1F987CBF0028506D /* NetRequest */,
				7DA70D231F90996B001CEE27 /* LPPhotoHelper.swift */,
				7DB86DB01F99A5AD00402BA9 /* LPFileManager.swift */,
				7D5C2D111FA08DC4008C1F75 /* SnapkitDemo.swift */,
				7D8298E91FA3345A00FDA8D9 /* SwiftDateHelper.swift */,
				7D6085B01FAC6174001E954D /* SVProgressHUDTool.swift */,
			);
			path = Tools;
			sourceTree = "<group>";
		};
		7D085C931F8F5038006CA52C /* Extendion */ = {
			isa = PBXGroup;
			children = (
				7D085CDA1F8F7589006CA52C /* UIColor+Extension.swift */,
				7D085CDC1F8F7605006CA52C /* String+Extension.swift */,
				7DA70D1F1F9090E5001CEE27 /* LPVerticalBtn.swift */,
				7D179DB01FA073EC008F4B97 /* Date+Extension.swift */,
				7DFC9A191FA31C07009FF4B0 /* UIView+Extension.swift */,
			);
			path = Extendion;
			sourceTree = "<group>";
		};
		7D085C941F8F507E006CA52C /* MVC */ = {
			isa = PBXGroup;
			children = (
				7DA70D211F9093E9001CEE27 /* LPBaseViewController.swift */,
				7DF434801F90BF83006D5698 /* XibNormalView.swift */,
				7DF434841F90BFB2006D5698 /* XibNormalView.xib */,
			);
			path = MVC;
			sourceTree = "<group>";
		};
		7D085CD51F8F6406006CA52C /* Third */ = {
			isa = PBXGroup;
			children = (
				7D085CD61F8F6425006CA52C /* SwiftJson */,
			);
			path = Third;
			sourceTree = "<group>";
		};
		7D085CD61F8F6425006CA52C /* SwiftJson */ = {
			isa = PBXGroup;
			children = (
				7D085CD71F8F6425006CA52C /* SwiftyJSON.h */,
				7D085CD81F8F6425006CA52C /* SwiftyJSON.swift */,
			);
			path = SwiftJson;
			sourceTree = "<group>";
		};
		7D57B94D1FB04B5F00CF54E6 /* MainSection主要界面 */ = {
			isa = PBXGroup;
			children = (
				7D57B94F1FB04BDD00CF54E6 /* ChatUI聊天页面 */,
			);
			path = "MainSection主要界面";
			sourceTree = "<group>";
		};
		7D57B94E1FB04BC000CF54E6 /* 工具Tools */ = {
			isa = PBXGroup;
			children = (
				7D70A5FF1FA716EB00BA18E9 /* KeyboardTool */,
			);
			path = "工具Tools";
			sourceTree = "<group>";
		};
		7D57B94F1FB04BDD00CF54E6 /* ChatUI聊天页面 */ = {
			isa = PBXGroup;
			children = (
				7D57B9501FB04C1F00CF54E6 /* LPChatViewController.swift */,
			);
			path = "ChatUI聊天页面";
			sourceTree = "<group>";
		};
		7D6085A71FAC13D0001E954D /* 下载页面 */ = {
			isa = PBXGroup;
			children = (
				7D6085A81FAC13F7001E954D /* DownloadController.swift */,
				7D6085A91FAC13F7001E954D /* DownloadController.xib */,
				7D6085AC1FAC1608001E954D /* DownloadCell.swift */,
				7D6085AD1FAC1608001E954D /* DownloadCell.xib */,
			);
			path = "下载页面";
			sourceTree = "<group>";
		};
		7D70A5FC1FA716A200BA18E9 /* 即时通讯 */ = {
			isa = PBXGroup;
			children = (
				7D57B94D1FB04B5F00CF54E6 /* MainSection主要界面 */,
				7D57B94E1FB04BC000CF54E6 /* 工具Tools */,
				7D70A5FD1FA716B900BA18E9 /* IMCommon.swift */,
				7D70A6061FA7209300BA18E9 /* IMSDKManager.swift */,
			);
			path = "即时通讯";
			sourceTree = "<group>";
		};
		7D70A5FF1FA716EB00BA18E9 /* KeyboardTool */ = {
			isa = PBXGroup;
			children = (
				7DF66B511FB585B400A7CC05 /* LPChatKeyboard.swift */,
				7D07FFD31FB6D71600BF16AD /* LPChatKeyboradDelegate.swift */,
				7D70A6081FA7211700BA18E9 /* LPChatBarView.swift */,
				7D5A9B441FAB18A600A70DB0 /* LPKeyboardMoreView.swift */,
				7DF66B531FB59BAF00A7CC05 /* KeyboardBtn.swift */,
				7DDA44681FB6D2930041EF5A /* ChatRecordHUD.swift */,
				7D70A60A1FA7264D00BA18E9 /* EmojView */,
			);
			path = KeyboardTool;
			sourceTree = "<group>";
		};
		7D70A60A1FA7264D00BA18E9 /* EmojView */ = {
			isa = PBXGroup;
			children = (
				7D70A60C1FA7268900BA18E9 /* LPEmotion.swift */,
				7D6B127D1FA854D400E33B82 /* LPEmotionHelper.swift */,
				7D6B127F1FA862A300E33B82 /* EmotionAttachment.swift */,
				7D6B12811FA8680800E33B82 /* UITextView+Extenstion.swift */,
				7D6B12831FA86DB100E33B82 /* LPEmotionView.swift */,
			);
			path = EmojView;
			sourceTree = "<group>";
		};
		7DDFCE281FA96A76001463F2 /* YYKit + JsonEncoder */ = {
			isa = PBXGroup;
			children = (
				7DDFCE2B1FA96CEB001463F2 /* ConvertModelData.swift */,
				7DD534AD1FA9A43A00784C1A /* UseYYKit.swift */,
			);
			path = "YYKit + JsonEncoder";
			sourceTree = "<group>";
		};
		7DE2FBEC1F987CBF0028506D /* NetRequest */ = {
			isa = PBXGroup;
			children = (
				7D085CD31F8F63E9006CA52C /* HttpRequest.swift */,
				7DE2FBED1F9889D60028506D /* HttpNet.swift */,
				7DE2FBEF1F988A0B0028506D /* RequestManager.swift */,
				7DE2FBF11F988A410028506D /* DownloadManager.swift */,
				7DB86DB21F99EA2A00402BA9 /* LPDownloadView.swift */,
				7DB86DB41F99EA3300402BA9 /* LPDownloadView.xib */,
			);
			path = NetRequest;
			sourceTree = "<group>";
		};
		7DFC9A131FA31B9E009FF4B0 /* Resources */ = {
			isa = PBXGroup;
			children = (
				7DFC9A141FA31BCB009FF4B0 /* Emotion */,
			);
			path = Resources;
			sourceTree = "<group>";
		};
		7DFC9A141FA31BCB009FF4B0 /* Emotion */ = {
			isa = PBXGroup;
			children = (
				7DFC9A151FA31BCB009FF4B0 /* Expression.bundle */,
				7DFC9A161FA31BCB009FF4B0 /* Expression.plist */,
			);
			path = Emotion;
			sourceTree = "<group>";
		};
		EB5A9DB143C789C088B1A324 /* Frameworks */ = {
			isa = PBXGroup;
			children = (
				7D24C0201FA1CB0B00D81359 /* MediaPlayer.framework */,
				7D24C01F1FA1CAFE00D81359 /* CoreVideo.framework */,
				7D57C25F1FA1BB21007D1DB5 /* MobileCoreServices.framework */,
				7D57C25E1FA1BB1B007D1DB5 /* OpenGLES.framework */,
				7D57C25D1FA1BB10007D1DB5 /* CoreMedia.framework */,
				7D57C25C1FA1BB09007D1DB5 /* ImageIO.framework */,
				7D57C2591FA1BACF007D1DB5 /* AVFoundation.framework */,
				7D57C2581FA1BAB0007D1DB5 /* AudioToolbox.framework */,
				7D57C2571FA1BA9C007D1DB5 /* CoreGraphics.framework */,
				7D57C2561FA1BA78007D1DB5 /* QuartzCore.framework */,
				7D179DAC1FA02AAB008F4B97 /* libz.tbd */,
				7D179DAA1FA02AA0008F4B97 /* libbz2.tbd */,
				297FA56AA72BD4DC04EACC31 /* Pods_SwiftLib.framework */,
			);
			name = Frameworks;
			sourceTree = "<group>";
		};
/* End PBXGroup section */

/* Begin PBXNativeTarget section */
		7D085C7B1F8F48C7006CA52C /* SwiftLib */ = {
			isa = PBXNativeTarget;
			buildConfigurationList = 7D085C8E1F8F48C7006CA52C /* Build configuration list for PBXNativeTarget "SwiftLib" */;
			buildPhases = (
				C9C342C3703321AA429ABB92 /* [CP] Check Pods Manifest.lock */,
				7D085C781F8F48C7006CA52C /* Sources */,
				7D085C791F8F48C7006CA52C /* Frameworks */,
				7D085C7A1F8F48C7006CA52C /* Resources */,
				CFB962DA585F3583B68FAFFF /* [CP] Embed Pods Frameworks */,
				3F0B09E6E374B6F5DF628E79 /* [CP] Copy Pods Resources */,
			);
			buildRules = (
			);
			dependencies = (
			);
			name = SwiftLib;
			productName = SwiftLib;
			productReference = 7D085C7C1F8F48C7006CA52C /* SwiftLib.app */;
			productType = "com.apple.product-type.application";
		};
/* End PBXNativeTarget section */

/* Begin PBXProject section */
		7D085C741F8F48C7006CA52C /* Project object */ = {
			isa = PBXProject;
			attributes = {
				LastSwiftUpdateCheck = 0900;
				LastUpgradeCheck = 0900;
				ORGANIZATIONNAME = nb616;
				TargetAttributes = {
					7D085C7B1F8F48C7006CA52C = {
						CreatedOnToolsVersion = 9.0;
						LastSwiftMigration = 0900;
						ProvisioningStyle = Automatic;
					};
				};
			};
			buildConfigurationList = 7D085C771F8F48C7006CA52C /* Build configuration list for PBXProject "SwiftLib" */;
			compatibilityVersion = "Xcode 8.0";
			developmentRegion = en;
			hasScannedForEncodings = 0;
			knownRegions = (
				en,
				Base,
			);
			mainGroup = 7D085C731F8F48C7006CA52C;
			productRefGroup = 7D085C7D1F8F48C7006CA52C /* Products */;
			projectDirPath = "";
			projectRoot = "";
			targets = (
				7D085C7B1F8F48C7006CA52C /* SwiftLib */,
			);
		};
/* End PBXProject section */

/* Begin PBXResourcesBuildPhase section */
		7D085C7A1F8F48C7006CA52C /* Resources */ = {
			isa = PBXResourcesBuildPhase;
			buildActionMask = 2147483647;
			files = (
				7DFC9A181FA31BCB009FF4B0 /* Expression.plist in Resources */,
				7D085C8A1F8F48C7006CA52C /* LaunchScreen.storyboard in Resources */,
				7DFC9A171FA31BCB009FF4B0 /* Expression.bundle in Resources */,
				7D0818B11F9F40770084A140 /* LPLiveStreamController.xib in Resources */,
				7DB86DB51F99EA3300402BA9 /* LPDownloadView.xib in Resources */,
				7D6085AF1FAC1608001E954D /* DownloadCell.xib in Resources */,
				7DF434851F90BFB2006D5698 /* XibNormalView.xib in Resources */,
				7D5C2D0E1FA08437008C1F75 /* LiveListCell.xib in Resources */,
				7D6085AB1FAC13F7001E954D /* DownloadController.xib in Resources */,
				7D5C2D0A1FA082F2008C1F75 /* LPPlayerController.xib in Resources */,
				7D085C871F8F48C7006CA52C /* Assets.xcassets in Resources */,
				7D085C851F8F48C7006CA52C /* Main.storyboard in Resources */,
			);
			runOnlyForDeploymentPostprocessing = 0;
		};
/* End PBXResourcesBuildPhase section */

/* Begin PBXShellScriptBuildPhase section */
		3F0B09E6E374B6F5DF628E79 /* [CP] Copy Pods Resources */ = {
			isa = PBXShellScriptBuildPhase;
			buildActionMask = 2147483647;
			files = (
			);
			inputPaths = (
				"${SRCROOT}/Pods/Target Support Files/Pods-SwiftLib/Pods-SwiftLib-resources.sh",
				"${PODS_ROOT}/NIMSDK/NIM_iOS_SDK_v4.3.0/NIMAVChat/Resources/NMCVideoFilter.bundle",
			);
			name = "[CP] Copy Pods Resources";
			outputPaths = (
				"${TARGET_BUILD_DIR}/${UNLOCALIZED_RESOURCES_FOLDER_PATH}",
			);
			runOnlyForDeploymentPostprocessing = 0;
			shellPath = /bin/sh;
			shellScript = "\"${SRCROOT}/Pods/Target Support Files/Pods-SwiftLib/Pods-SwiftLib-resources.sh\"\n";
			showEnvVarsInLog = 0;
		};
		C9C342C3703321AA429ABB92 /* [CP] Check Pods Manifest.lock */ = {
			isa = PBXShellScriptBuildPhase;
			buildActionMask = 2147483647;
			files = (
			);
			inputPaths = (
				"${PODS_PODFILE_DIR_PATH}/Podfile.lock",
				"${PODS_ROOT}/Manifest.lock",
			);
			name = "[CP] Check Pods Manifest.lock";
			outputPaths = (
				"$(DERIVED_FILE_DIR)/Pods-SwiftLib-checkManifestLockResult.txt",
			);
			runOnlyForDeploymentPostprocessing = 0;
			shellPath = /bin/sh;
			shellScript = "diff \"${PODS_PODFILE_DIR_PATH}/Podfile.lock\" \"${PODS_ROOT}/Manifest.lock\" > /dev/null\nif [ $? != 0 ] ; then\n    # print error to STDERR\n    echo \"error: The sandbox is not in sync with the Podfile.lock. Run 'pod install' or update your CocoaPods installation.\" >&2\n    exit 1\nfi\n# This output is used by Xcode 'outputs' to avoid re-running this script phase.\necho \"SUCCESS\" > \"${SCRIPT_OUTPUT_FILE_0}\"\n";
			showEnvVarsInLog = 0;
		};
		CFB962DA585F3583B68FAFFF /* [CP] Embed Pods Frameworks */ = {
			isa = PBXShellScriptBuildPhase;
			buildActionMask = 2147483647;
			files = (
			);
			inputPaths = (
				"${SRCROOT}/Pods/Target Support Files/Pods-SwiftLib/Pods-SwiftLib-frameworks.sh",
				"${BUILT_PRODUCTS_DIR}/Alamofire/Alamofire.framework",
				"${BUILT_PRODUCTS_DIR}/Kingfisher/Kingfisher.framework",
				"${BUILT_PRODUCTS_DIR}/LFLiveKit/LFLiveKit.framework",
				"${BUILT_PRODUCTS_DIR}/SVProgressHUD/SVProgressHUD.framework",
				"${BUILT_PRODUCTS_DIR}/SnapKit/SnapKit.framework",
				"${BUILT_PRODUCTS_DIR}/SwiftDate/SwiftDate.framework",
				"${BUILT_PRODUCTS_DIR}/YYKit/YYKit.framework",
			);
			name = "[CP] Embed Pods Frameworks";
			outputPaths = (
				"${TARGET_BUILD_DIR}/${FRAMEWORKS_FOLDER_PATH}/Alamofire.framework",
				"${TARGET_BUILD_DIR}/${FRAMEWORKS_FOLDER_PATH}/Kingfisher.framework",
				"${TARGET_BUILD_DIR}/${FRAMEWORKS_FOLDER_PATH}/LFLiveKit.framework",
				"${TARGET_BUILD_DIR}/${FRAMEWORKS_FOLDER_PATH}/SVProgressHUD.framework",
				"${TARGET_BUILD_DIR}/${FRAMEWORKS_FOLDER_PATH}/SnapKit.framework",
				"${TARGET_BUILD_DIR}/${FRAMEWORKS_FOLDER_PATH}/SwiftDate.framework",
				"${TARGET_BUILD_DIR}/${FRAMEWORKS_FOLDER_PATH}/YYKit.framework",
			);
			runOnlyForDeploymentPostprocessing = 0;
			shellPath = /bin/sh;
			shellScript = "\"${SRCROOT}/Pods/Target Support Files/Pods-SwiftLib/Pods-SwiftLib-frameworks.sh\"\n";
			showEnvVarsInLog = 0;
		};
/* End PBXShellScriptBuildPhase section */

/* Begin PBXSourcesBuildPhase section */
		7D085C781F8F48C7006CA52C /* Sources */ = {
			isa = PBXSourcesBuildPhase;
			buildActionMask = 2147483647;
			files = (
				7DA70D221F9093E9001CEE27 /* LPBaseViewController.swift in Sources */,
				7D6B127E1FA854D400E33B82 /* LPEmotionHelper.swift in Sources */,
				7D6B12801FA862A300E33B82 /* EmotionAttachment.swift in Sources */,
				7D5C2D0D1FA08437008C1F75 /* LiveListCell.swift in Sources */,
				7DA70D201F9090E5001CEE27 /* LPVerticalBtn.swift in Sources */,
				7DDFCE2C1FA96CEB001463F2 /* ConvertModelData.swift in Sources */,
				7D5A9B451FAB18A600A70DB0 /* LPKeyboardMoreView.swift in Sources */,
				7DE2FBF01F988A0B0028506D /* RequestManager.swift in Sources */,
				7D0818B01F9F40770084A140 /* LPLiveStreamController.swift in Sources */,
				7D085CD21F8F61EB006CA52C /* Macros.swift in Sources */,
				7DDA44691FB6D2930041EF5A /* ChatRecordHUD.swift in Sources */,
				7D07FFD41FB6D71600BF16AD /* LPChatKeyboradDelegate.swift in Sources */,
				7D085CDD1F8F7605006CA52C /* String+Extension.swift in Sources */,
				7DB86DB11F99A5AD00402BA9 /* LPFileManager.swift in Sources */,
				7DF66B521FB585B400A7CC05 /* LPChatKeyboard.swift in Sources */,
				7D085CD41F8F63E9006CA52C /* HttpRequest.swift in Sources */,
				7D085C821F8F48C7006CA52C /* ViewController.swift in Sources */,
				7D70A6051FA71F3A00BA18E9 /* AppDelegate+Extension.swift in Sources */,
				7D70A5FE1FA716B900BA18E9 /* IMCommon.swift in Sources */,
				7DA70D241F90996B001CEE27 /* LPPhotoHelper.swift in Sources */,
				7D085CDB1F8F7589006CA52C /* UIColor+Extension.swift in Sources */,
				7D085CD91F8F6425006CA52C /* SwiftyJSON.swift in Sources */,
				7D6B12841FA86DB100E33B82 /* LPEmotionView.swift in Sources */,
				7DB86DAF1F999ED500402BA9 /* GenalNotes.swift in Sources */,
				7D6085B11FAC6174001E954D /* SVProgressHUDTool.swift in Sources */,
				7D085C801F8F48C7006CA52C /* AppDelegate.swift in Sources */,
				7D5C2D101FA0848E008C1F75 /* LPLiveListController.swift in Sources */,
				7D5C2D121FA08DC4008C1F75 /* SnapkitDemo.swift in Sources */,
				7D8298EA1FA3345A00FDA8D9 /* SwiftDateHelper.swift in Sources */,
				7D6085AE1FAC1608001E954D /* DownloadCell.swift in Sources */,
				7DB86DB31F99EA2A00402BA9 /* LPDownloadView.swift in Sources */,
				7DF434811F90BF83006D5698 /* XibNormalView.swift in Sources */,
				7D6314001FA09A8E00084BB2 /* LivelistModel.swift in Sources */,
				7DE2FBEE1F9889D60028506D /* HttpNet.swift in Sources */,
				7D6B12821FA8680800E33B82 /* UITextView+Extenstion.swift in Sources */,
				7D70A6091FA7211700BA18E9 /* LPChatBarView.swift in Sources */,
				7D70A60D1FA7268900BA18E9 /* LPEmotion.swift in Sources */,
				7D179DB11FA073EC008F4B97 /* Date+Extension.swift in Sources */,
				7D70A6071FA7209300BA18E9 /* IMSDKManager.swift in Sources */,
				7DD534AE1FA9A43A00784C1A /* UseYYKit.swift in Sources */,
				7D5C2D091FA082F2008C1F75 /* LPPlayerController.swift in Sources */,
				7DFC9A1A1FA31C07009FF4B0 /* UIView+Extension.swift in Sources */,
				7D57B9511FB04C1F00CF54E6 /* LPChatViewController.swift in Sources */,
				7DF66B541FB59BAF00A7CC05 /* KeyboardBtn.swift in Sources */,
				7DE2FBF21F988A410028506D /* DownloadManager.swift in Sources */,
				7D6085AA1FAC13F7001E954D /* DownloadController.swift in Sources */,
			);
			runOnlyForDeploymentPostprocessing = 0;
		};
/* End PBXSourcesBuildPhase section */

/* Begin PBXVariantGroup section */
		7D085C831F8F48C7006CA52C /* Main.storyboard */ = {
			isa = PBXVariantGroup;
			children = (
				7D085C841F8F48C7006CA52C /* Base */,
			);
			name = Main.storyboard;
			sourceTree = "<group>";
		};
		7D085C881F8F48C7006CA52C /* LaunchScreen.storyboard */ = {
			isa = PBXVariantGroup;
			children = (
				7D085C891F8F48C7006CA52C /* Base */,
			);
			name = LaunchScreen.storyboard;
			sourceTree = "<group>";
		};
/* End PBXVariantGroup section */

/* Begin XCBuildConfiguration section */
		7D085C8C1F8F48C7006CA52C /* Debug */ = {
			isa = XCBuildConfiguration;
			buildSettings = {
				ALWAYS_SEARCH_USER_PATHS = NO;
				CLANG_ANALYZER_NONNULL = YES;
				CLANG_ANALYZER_NUMBER_OBJECT_CONVERSION = YES_AGGRESSIVE;
				CLANG_CXX_LANGUAGE_STANDARD = "gnu++14";
				CLANG_CXX_LIBRARY = "libc++";
				CLANG_ENABLE_MODULES = YES;
				CLANG_ENABLE_OBJC_ARC = YES;
				CLANG_WARN_BLOCK_CAPTURE_AUTORELEASING = YES;
				CLANG_WARN_BOOL_CONVERSION = YES;
				CLANG_WARN_COMMA = YES;
				CLANG_WARN_CONSTANT_CONVERSION = YES;
				CLANG_WARN_DIRECT_OBJC_ISA_USAGE = YES_ERROR;
				CLANG_WARN_DOCUMENTATION_COMMENTS = YES;
				CLANG_WARN_EMPTY_BODY = YES;
				CLANG_WARN_ENUM_CONVERSION = YES;
				CLANG_WARN_INFINITE_RECURSION = YES;
				CLANG_WARN_INT_CONVERSION = YES;
				CLANG_WARN_NON_LITERAL_NULL_CONVERSION = YES;
				CLANG_WARN_OBJC_LITERAL_CONVERSION = YES;
				CLANG_WARN_OBJC_ROOT_CLASS = YES_ERROR;
				CLANG_WARN_RANGE_LOOP_ANALYSIS = YES;
				CLANG_WARN_STRICT_PROTOTYPES = YES;
				CLANG_WARN_SUSPICIOUS_MOVE = YES;
				CLANG_WARN_UNGUARDED_AVAILABILITY = YES_AGGRESSIVE;
				CLANG_WARN_UNREACHABLE_CODE = YES;
				CLANG_WARN__DUPLICATE_METHOD_MATCH = YES;
				CODE_SIGN_IDENTITY = "iPhone Developer";
				COPY_PHASE_STRIP = NO;
				DEBUG_INFORMATION_FORMAT = dwarf;
				ENABLE_STRICT_OBJC_MSGSEND = YES;
				ENABLE_TESTABILITY = YES;
				FRAMEWORK_SEARCH_PATHS = "";
				GCC_C_LANGUAGE_STANDARD = gnu11;
				GCC_DYNAMIC_NO_PIC = NO;
				GCC_NO_COMMON_BLOCKS = YES;
				GCC_OPTIMIZATION_LEVEL = 0;
				GCC_PREPROCESSOR_DEFINITIONS = (
					"DEBUG=1",
					"$(inherited)",
				);
				GCC_WARN_64_TO_32_BIT_CONVERSION = YES;
				GCC_WARN_ABOUT_RETURN_TYPE = YES_ERROR;
				GCC_WARN_UNDECLARED_SELECTOR = YES;
				GCC_WARN_UNINITIALIZED_AUTOS = YES_AGGRESSIVE;
				GCC_WARN_UNUSED_FUNCTION = YES;
				GCC_WARN_UNUSED_VARIABLE = YES;
				HEADER_SEARCH_PATHS = "";
				IPHONEOS_DEPLOYMENT_TARGET = 11.0;
				LIBRARY_SEARCH_PATHS = "";
				MTL_ENABLE_DEBUG_INFO = YES;
				ONLY_ACTIVE_ARCH = YES;
				SDKROOT = iphoneos;
				SWIFT_ACTIVE_COMPILATION_CONDITIONS = DEBUG;
				SWIFT_OPTIMIZATION_LEVEL = "-Onone";
			};
			name = Debug;
		};
		7D085C8D1F8F48C7006CA52C /* Release */ = {
			isa = XCBuildConfiguration;
			buildSettings = {
				ALWAYS_SEARCH_USER_PATHS = NO;
				CLANG_ANALYZER_NONNULL = YES;
				CLANG_ANALYZER_NUMBER_OBJECT_CONVERSION = YES_AGGRESSIVE;
				CLANG_CXX_LANGUAGE_STANDARD = "gnu++14";
				CLANG_CXX_LIBRARY = "libc++";
				CLANG_ENABLE_MODULES = YES;
				CLANG_ENABLE_OBJC_ARC = YES;
				CLANG_WARN_BLOCK_CAPTURE_AUTORELEASING = YES;
				CLANG_WARN_BOOL_CONVERSION = YES;
				CLANG_WARN_COMMA = YES;
				CLANG_WARN_CONSTANT_CONVERSION = YES;
				CLANG_WARN_DIRECT_OBJC_ISA_USAGE = YES_ERROR;
				CLANG_WARN_DOCUMENTATION_COMMENTS = YES;
				CLANG_WARN_EMPTY_BODY = YES;
				CLANG_WARN_ENUM_CONVERSION = YES;
				CLANG_WARN_INFINITE_RECURSION = YES;
				CLANG_WARN_INT_CONVERSION = YES;
				CLANG_WARN_NON_LITERAL_NULL_CONVERSION = YES;
				CLANG_WARN_OBJC_LITERAL_CONVERSION = YES;
				CLANG_WARN_OBJC_ROOT_CLASS = YES_ERROR;
				CLANG_WARN_RANGE_LOOP_ANALYSIS = YES;
				CLANG_WARN_STRICT_PROTOTYPES = YES;
				CLANG_WARN_SUSPICIOUS_MOVE = YES;
				CLANG_WARN_UNGUARDED_AVAILABILITY = YES_AGGRESSIVE;
				CLANG_WARN_UNREACHABLE_CODE = YES;
				CLANG_WARN__DUPLICATE_METHOD_MATCH = YES;
				CODE_SIGN_IDENTITY = "iPhone Developer";
				COPY_PHASE_STRIP = NO;
				DEBUG_INFORMATION_FORMAT = "dwarf-with-dsym";
				ENABLE_NS_ASSERTIONS = NO;
				ENABLE_STRICT_OBJC_MSGSEND = YES;
				FRAMEWORK_SEARCH_PATHS = "";
				GCC_C_LANGUAGE_STANDARD = gnu11;
				GCC_NO_COMMON_BLOCKS = YES;
				GCC_WARN_64_TO_32_BIT_CONVERSION = YES;
				GCC_WARN_ABOUT_RETURN_TYPE = YES_ERROR;
				GCC_WARN_UNDECLARED_SELECTOR = YES;
				GCC_WARN_UNINITIALIZED_AUTOS = YES_AGGRESSIVE;
				GCC_WARN_UNUSED_FUNCTION = YES;
				GCC_WARN_UNUSED_VARIABLE = YES;
				HEADER_SEARCH_PATHS = "";
				IPHONEOS_DEPLOYMENT_TARGET = 11.0;
				LIBRARY_SEARCH_PATHS = "";
				MTL_ENABLE_DEBUG_INFO = NO;
				SDKROOT = iphoneos;
				SWIFT_OPTIMIZATION_LEVEL = "-Owholemodule";
				VALIDATE_PRODUCT = YES;
			};
			name = Release;
		};
		7D085C8F1F8F48C7006CA52C /* Debug */ = {
			isa = XCBuildConfiguration;
			baseConfigurationReference = 3913A978728E1E0117FEEDC5 /* Pods-SwiftLib.debug.xcconfig */;
			buildSettings = {
				ASSETCATALOG_COMPILER_APPICON_NAME = AppIcon;
				CLANG_ENABLE_MODULES = YES;
				CODE_SIGN_STYLE = Automatic;
				DEVELOPMENT_TEAM = G7V4WL43S4;
				FRAMEWORK_SEARCH_PATHS = "$(inherited)";
				HEADER_SEARCH_PATHS = "$(inherited)";
				INFOPLIST_FILE = SwiftLib/Info.plist;
				LD_RUNPATH_SEARCH_PATHS = "$(inherited) @executable_path/Frameworks";
				LIBRARY_SEARCH_PATHS = "$(inherited)";
				OTHER_LDFLAGS = (
					"$(inherited)",
					"-ObjC",
					"-l\"GPUImage\"",
					"-l\"NMCVideoModule\"",
					"-l\"aacplus\"",
					"-l\"c++\"",
					"-l\"crypto\"",
					"-l\"event\"",
					"-l\"nio\"",
					"-l\"nts\"",
					"-l\"nvs\"",
					"-l\"openh264\"",
					"-l\"opus\"",
					"-l\"sqlite3.0\"",
					"-l\"ssl\"",
					"-l\"z\"",
					"-framework",
					"\"AVFoundation\"",
					"-framework",
					"\"Alamofire\"",
					"-framework",
					"\"AudioToolbox\"",
					"-framework",
					"\"CoreMedia\"",
					"-framework",
					"\"CoreTelephony\"",
					"-framework",
					"\"Kingfisher\"",
					"-framework",
					"\"LFLiveKit\"",
					"-framework",
					"\"NIMAVChat\"",
					"-framework",
					"\"NIMSDK\"",
					"-framework",
					"\"SnapKit\"",
					"-framework",
					"\"SwiftDate\"",
					"-framework",
					"\"SystemConfiguration\"",
					"-framework",
					"\"VideoToolbox\"",
					"-framework",
					"\"YYKit\"",
				);
				PRODUCT_BUNDLE_IDENTIFIER = cndotabestdota.SwiftLib;
				PRODUCT_NAME = "$(TARGET_NAME)";
				SWIFT_OBJC_BRIDGING_HEADER = SwiftLib/Constant/Swift_OC_Bridging.h;
				SWIFT_OPTIMIZATION_LEVEL = "-Onone";
				SWIFT_VERSION = 4.0;
				TARGETED_DEVICE_FAMILY = "1,2";
			};
			name = Debug;
		};
		7D085C901F8F48C7006CA52C /* Release */ = {
			isa = XCBuildConfiguration;
			baseConfigurationReference = 25DC4ED96E3E1D967B2B66FD /* Pods-SwiftLib.release.xcconfig */;
			buildSettings = {
				ASSETCATALOG_COMPILER_APPICON_NAME = AppIcon;
				CLANG_ENABLE_MODULES = YES;
				CODE_SIGN_STYLE = Automatic;
				DEVELOPMENT_TEAM = G7V4WL43S4;
				FRAMEWORK_SEARCH_PATHS = "$(inherited)";
				HEADER_SEARCH_PATHS = "$(inherited)";
				INFOPLIST_FILE = SwiftLib/Info.plist;
				LD_RUNPATH_SEARCH_PATHS = "$(inherited) @executable_path/Frameworks";
				LIBRARY_SEARCH_PATHS = "$(inherited)";
				OTHER_LDFLAGS = (
					"$(inherited)",
					"-ObjC",
					"-l\"GPUImage\"",
					"-l\"NMCVideoModule\"",
					"-l\"aacplus\"",
					"-l\"c++\"",
					"-l\"crypto\"",
					"-l\"event\"",
					"-l\"nio\"",
					"-l\"nts\"",
					"-l\"nvs\"",
					"-l\"openh264\"",
					"-l\"opus\"",
					"-l\"sqlite3.0\"",
					"-l\"ssl\"",
					"-l\"z\"",
					"-framework",
					"\"AVFoundation\"",
					"-framework",
					"\"Alamofire\"",
					"-framework",
					"\"AudioToolbox\"",
					"-framework",
					"\"CoreMedia\"",
					"-framework",
					"\"CoreTelephony\"",
					"-framework",
					"\"Kingfisher\"",
					"-framework",
					"\"LFLiveKit\"",
					"-framework",
					"\"NIMAVChat\"",
					"-framework",
					"\"NIMSDK\"",
					"-framework",
					"\"SnapKit\"",
					"-framework",
					"\"SwiftDate\"",
					"-framework",
					"\"SystemConfiguration\"",
					"-framework",
					"\"VideoToolbox\"",
					"-framework",
					"\"YYKit\"",
				);
				PRODUCT_BUNDLE_IDENTIFIER = cndotabestdota.SwiftLib;
				PRODUCT_NAME = "$(TARGET_NAME)";
				SWIFT_OBJC_BRIDGING_HEADER = SwiftLib/Constant/Swift_OC_Bridging.h;
				SWIFT_VERSION = 4.0;
				TARGETED_DEVICE_FAMILY = "1,2";
			};
			name = Release;
		};
/* End XCBuildConfiguration section */

/* Begin XCConfigurationList section */
		7D085C771F8F48C7006CA52C /* Build configuration list for PBXProject "SwiftLib" */ = {
			isa = XCConfigurationList;
			buildConfigurations = (
				7D085C8C1F8F48C7006CA52C /* Debug */,
				7D085C8D1F8F48C7006CA52C /* Release */,
			);
			defaultConfigurationIsVisible = 0;
			defaultConfigurationName = Release;
		};
		7D085C8E1F8F48C7006CA52C /* Build configuration list for PBXNativeTarget "SwiftLib" */ = {
			isa = XCConfigurationList;
			buildConfigurations = (
				7D085C8F1F8F48C7006CA52C /* Debug */,
				7D085C901F8F48C7006CA52C /* Release */,
			);
			defaultConfigurationIsVisible = 0;
			defaultConfigurationName = Release;
		};
/* End XCConfigurationList section */
	};
	rootObject = 7D085C741F8F48C7006CA52C /* Project object */;
}
