// !$*UTF8*$!
{
	archiveVersion = 1;
	classes = {
	};
	objectVersion = 48;
	objects = {

/* Begin PBXBuildFile section */
		198C9C6F66B62E50C454F609 /* Pods_SwiftLib.framework in Frameworks */ = {isa = PBXBuildFile; fileRef = 297FA56AA72BD4DC04EACC31 /* Pods_SwiftLib.framework */; };
		7D085C801F8F48C7006CA52C /* AppDelegate.swift in Sources */ = {isa = PBXBuildFile; fileRef = 7D085C7F1F8F48C7006CA52C /* AppDelegate.swift */; };
		7D085C821F8F48C7006CA52C /* ViewController.swift in Sources */ = {isa = PBXBuildFile; fileRef = 7D085C811F8F48C7006CA52C /* ViewController.swift */; };
		7D085C851F8F48C7006CA52C /* Main.storyboard in Resources */ = {isa = PBXBuildFile; fileRef = 7D085C831F8F48C7006CA52C /* Main.storyboard */; };
		7D085C871F8F48C7006CA52C /* Assets.xcassets in Resources */ = {isa = PBXBuildFile; fileRef = 7D085C861F8F48C7006CA52C /* Assets.xcassets */; };
		7D085C8A1F8F48C7006CA52C /* LaunchScreen.storyboard in Resources */ = {isa = PBXBuildFile; fileRef = 7D085C881F8F48C7006CA52C /* LaunchScreen.storyboard */; };
/* End PBXBuildFile section */

/* Begin PBXFileReference section */
		25DC4ED96E3E1D967B2B66FD /* Pods-SwiftLib.release.xcconfig */ = {isa = PBXFileReference; includeInIndex = 1; lastKnownFileType = text.xcconfig; name = "Pods-SwiftLib.release.xcconfig"; path = "Pods/Target Support Files/Pods-SwiftLib/Pods-SwiftLib.release.xcconfig"; sourceTree = "<group>"; };
		297FA56AA72BD4DC04EACC31 /* Pods_SwiftLib.framework */ = {isa = PBXFileReference; explicitFileType = wrapper.framework; includeInIndex = 0; path = Pods_SwiftLib.framework; sourceTree = BUILT_PRODUCTS_DIR; };
		3913A978728E1E0117FEEDC5 /* Pods-SwiftLib.debug.xcconfig */ = {isa = PBXFileReference; includeInIndex = 1; lastKnownFileType = text.xcconfig; name = "Pods-SwiftLib.debug.xcconfig"; path = "Pods/Target Support Files/Pods-SwiftLib/Pods-SwiftLib.debug.xcconfig"; sourceTree = "<group>"; };
		7D085C7C1F8F48C7006CA52C /* SwiftLib.app */ = {isa = PBXFileReference; explicitFileType = wrapper.application; includeInIndex = 0; path = SwiftLib.app; sourceTree = BUILT_PRODUCTS_DIR; };
		7D085C7F1F8F48C7006CA52C /* AppDelegate.swift */ = {isa = PBXFileReference; lastKnownFileType = sourcecode.swift; path = AppDelegate.swift; sourceTree = "<group>"; };
		7D085C811F8F48C7006CA52C /* ViewController.swift */ = {isa = PBXFileReference; lastKnownFileType = sourcecode.swift; path = ViewController.swift; sourceTree = "<group>"; };
		7D085C841F8F48C7006CA52C /* Base */ = {isa = PBXFileReference; lastKnownFileType = file.storyboard; name = Base; path = Base.lproj/Main.storyboard; sourceTree = "<group>"; };
		7D085C861F8F48C7006CA52C /* Assets.xcassets */ = {isa = PBXFileReference; lastKnownFileType = folder.assetcatalog; path = Assets.xcassets; sourceTree = "<group>"; };
		7D085C891F8F48C7006CA52C /* Base */ = {isa = PBXFileReference; lastKnownFileType = file.storyboard; name = Base; path = Base.lproj/LaunchScreen.storyboard; sourceTree = "<group>"; };
		7D085C8B1F8F48C7006CA52C /* Info.plist */ = {isa = PBXFileReference; lastKnownFileType = text.plist.xml; path = Info.plist; sourceTree = "<group>"; };
/* End PBXFileReference section */

/* Begin PBXFrameworksBuildPhase section */
		7D085C791F8F48C7006CA52C /* Frameworks */ = {
			isa = PBXFrameworksBuildPhase;
			buildActionMask = 2147483647;
			files = (
				198C9C6F66B62E50C454F609 /* Pods_SwiftLib.framework in Frameworks */,
			);
			runOnlyForDeploymentPostprocessing = 0;
		};
/* End PBXFrameworksBuildPhase section */

/* Begin PBXGroup section */
		0EF0767C5E9BCC5AB2C49F83 /* Pods */ = {
			isa = PBXGroup;
			children = (
				3913A978728E1E0117FEEDC5 /* Pods-SwiftLib.debug.xcconfig */,
				25DC4ED96E3E1D967B2B66FD /* Pods-SwiftLib.release.xcconfig */,
			);
			name = Pods;
			sourceTree = "<group>";
		};
		7D085C731F8F48C7006CA52C = {
			isa = PBXGroup;
			children = (
				7D085C7E1F8F48C7006CA52C /* SwiftLib */,
				7D085C7D1F8F48C7006CA52C /* Products */,
				0EF0767C5E9BCC5AB2C49F83 /* Pods */,
				EB5A9DB143C789C088B1A324 /* Frameworks */,
			);
			sourceTree = "<group>";
		};
		7D085C7D1F8F48C7006CA52C /* Products */ = {
			isa = PBXGroup;
			children = (
				7D085C7C1F8F48C7006CA52C /* SwiftLib.app */,
			);
			name = Products;
			sourceTree = "<group>";
		};
		7D085C7E1F8F48C7006CA52C /* SwiftLib */ = {
			isa = PBXGroup;
			children = (
				7D085C7F1F8F48C7006CA52C /* AppDelegate.swift */,
				7D085C811F8F48C7006CA52C /* ViewController.swift */,
				7D085C831F8F48C7006CA52C /* Main.storyboard */,
				7D085C861F8F48C7006CA52C /* Assets.xcassets */,
				7D085C881F8F48C7006CA52C /* LaunchScreen.storyboard */,
				7D085C8B1F8F48C7006CA52C /* Info.plist */,
			);
			path = SwiftLib;
			sourceTree = "<group>";
		};
		EB5A9DB143C789C088B1A324 /* Frameworks */ = {
			isa = PBXGroup;
			children = (
				297FA56AA72BD4DC04EACC31 /* Pods_SwiftLib.framework */,
			);
			name = Frameworks;
			sourceTree = "<group>";
		};
/* End PBXGroup section */

/* Begin PBXNativeTarget section */
		7D085C7B1F8F48C7006CA52C /* SwiftLib */ = {
			isa = PBXNativeTarget;
			buildConfigurationList = 7D085C8E1F8F48C7006CA52C /* Build configuration list for PBXNativeTarget "SwiftLib" */;
			buildPhases = (
				C9C342C3703321AA429ABB92 /* [CP] Check Pods Manifest.lock */,
				7D085C781F8F48C7006CA52C /* Sources */,
				7D085C791F8F48C7006CA52C /* Frameworks */,
				7D085C7A1F8F48C7006CA52C /* Resources */,
				CFB962DA585F3583B68FAFFF /* [CP] Embed Pods Frameworks */,
				3F0B09E6E374B6F5DF628E79 /* [CP] Copy Pods Resources */,
			);
			buildRules = (
			);
			dependencies = (
			);
			name = SwiftLib;
			productName = SwiftLib;
			productReference = 7D085C7C1F8F48C7006CA52C /* SwiftLib.app */;
			productType = "com.apple.product-type.application";
		};
/* End PBXNativeTarget section */

/* Begin PBXProject section */
		7D085C741F8F48C7006CA52C /* Project object */ = {
			isa = PBXProject;
			attributes = {
				LastSwiftUpdateCheck = 0900;
				LastUpgradeCheck = 0900;
				ORGANIZATIONNAME = nb616;
				TargetAttributes = {
					7D085C7B1F8F48C7006CA52C = {
						CreatedOnToolsVersion = 9.0;
						ProvisioningStyle = Automatic;
					};
				};
			};
			buildConfigurationList = 7D085C771F8F48C7006CA52C /* Build configuration list for PBXProject "SwiftLib" */;
			compatibilityVersion = "Xcode 8.0";
			developmentRegion = en;
			hasScannedForEncodings = 0;
			knownRegions = (
				en,
				Base,
			);
			mainGroup = 7D085C731F8F48C7006CA52C;
			productRefGroup = 7D085C7D1F8F48C7006CA52C /* Products */;
			projectDirPath = "";
			projectRoot = "";
			targets = (
				7D085C7B1F8F48C7006CA52C /* SwiftLib */,
			);
		};
/* End PBXProject section */

/* Begin PBXResourcesBuildPhase section */
		7D085C7A1F8F48C7006CA52C /* Resources */ = {
			isa = PBXResourcesBuildPhase;
			buildActionMask = 2147483647;
			files = (
				7D085C8A1F8F48C7006CA52C /* LaunchScreen.storyboard in Resources */,
				7D085C871F8F48C7006CA52C /* Assets.xcassets in Resources */,
				7D085C851F8F48C7006CA52C /* Main.storyboard in Resources */,
			);
			runOnlyForDeploymentPostprocessing = 0;
		};
/* End PBXResourcesBuildPhase section */

/* Begin PBXShellScriptBuildPhase section */
		3F0B09E6E374B6F5DF628E79 /* [CP] Copy Pods Resources */ = {
			isa = PBXShellScriptBuildPhase;
			buildActionMask = 2147483647;
			files = (
			);
			inputPaths = (
			);
			name = "[CP] Copy Pods Resources";
			outputPaths = (
			);
			runOnlyForDeploymentPostprocessing = 0;
			shellPath = /bin/sh;
			shellScript = "\"${SRCROOT}/Pods/Target Support Files/Pods-SwiftLib/Pods-SwiftLib-resources.sh\"\n";
			showEnvVarsInLog = 0;
		};
		C9C342C3703321AA429ABB92 /* [CP] Check Pods Manifest.lock */ = {
			isa = PBXShellScriptBuildPhase;
			buildActionMask = 2147483647;
			files = (
			);
			inputPaths = (
				"${PODS_PODFILE_DIR_PATH}/Podfile.lock",
				"${PODS_ROOT}/Manifest.lock",
			);
			name = "[CP] Check Pods Manifest.lock";
			outputPaths = (
				"$(DERIVED_FILE_DIR)/Pods-SwiftLib-checkManifestLockResult.txt",
			);
			runOnlyForDeploymentPostprocessing = 0;
			shellPath = /bin/sh;
			shellScript = "diff \"${PODS_PODFILE_DIR_PATH}/Podfile.lock\" \"${PODS_ROOT}/Manifest.lock\" > /dev/null\nif [ $? != 0 ] ; then\n    # print error to STDERR\n    echo \"error: The sandbox is not in sync with the Podfile.lock. Run 'pod install' or update your CocoaPods installation.\" >&2\n    exit 1\nfi\n# This output is used by Xcode 'outputs' to avoid re-running this script phase.\necho \"SUCCESS\" > \"${SCRIPT_OUTPUT_FILE_0}\"\n";
			showEnvVarsInLog = 0;
		};
		CFB962DA585F3583B68FAFFF /* [CP] Embed Pods Frameworks */ = {
			isa = PBXShellScriptBuildPhase;
			buildActionMask = 2147483647;
			files = (
			);
			inputPaths = (
				"${SRCROOT}/Pods/Target Support Files/Pods-SwiftLib/Pods-SwiftLib-frameworks.sh",
				"${BUILT_PRODUCTS_DIR}/Alamofire/Alamofire.framework",
				"${BUILT_PRODUCTS_DIR}/SnapKit/SnapKit.framework",
			);
			name = "[CP] Embed Pods Frameworks";
			outputPaths = (
				"${TARGET_BUILD_DIR}/${FRAMEWORKS_FOLDER_PATH}/Alamofire.framework",
				"${TARGET_BUILD_DIR}/${FRAMEWORKS_FOLDER_PATH}/SnapKit.framework",
			);
			runOnlyForDeploymentPostprocessing = 0;
			shellPath = /bin/sh;
			shellScript = "\"${SRCROOT}/Pods/Target Support Files/Pods-SwiftLib/Pods-SwiftLib-frameworks.sh\"\n";
			showEnvVarsInLog = 0;
		};
/* End PBXShellScriptBuildPhase section */

/* Begin PBXSourcesBuildPhase section */
		7D085C781F8F48C7006CA52C /* Sources */ = {
			isa = PBXSourcesBuildPhase;
			buildActionMask = 2147483647;
			files = (
				7D085C821F8F48C7006CA52C /* ViewController.swift in Sources */,
				7D085C801F8F48C7006CA52C /* AppDelegate.swift in Sources */,
			);
			runOnlyForDeploymentPostprocessing = 0;
		};
/* End PBXSourcesBuildPhase section */

/* Begin PBXVariantGroup section */
		7D085C831F8F48C7006CA52C /* Main.storyboard */ = {
			isa = PBXVariantGroup;
			children = (
				7D085C841F8F48C7006CA52C /* Base */,
			);
			name = Main.storyboard;
			sourceTree = "<group>";
		};
		7D085C881F8F48C7006CA52C /* LaunchScreen.storyboard */ = {
			isa = PBXVariantGroup;
			children = (
				7D085C891F8F48C7006CA52C /* Base */,
			);
			name = LaunchScreen.storyboard;
			sourceTree = "<group>";
		};
/* End PBXVariantGroup section */

/* Begin XCBuildConfiguration section */
		7D085C8C1F8F48C7006CA52C /* Debug */ = {
			isa = XCBuildConfiguration;
			buildSettings = {
				ALWAYS_SEARCH_USER_PATHS = NO;
				CLANG_ANALYZER_NONNULL = YES;
				CLANG_ANALYZER_NUMBER_OBJECT_CONVERSION = YES_AGGRESSIVE;
				CLANG_CXX_LANGUAGE_STANDARD = "gnu++14";
				CLANG_CXX_LIBRARY = "libc++";
				CLANG_ENABLE_MODULES = YES;
				CLANG_ENABLE_OBJC_ARC = YES;
				CLANG_WARN_BLOCK_CAPTURE_AUTORELEASING = YES;
				CLANG_WARN_BOOL_CONVERSION = YES;
				CLANG_WARN_COMMA = YES;
				CLANG_WARN_CONSTANT_CONVERSION = YES;
				CLANG_WARN_DIRECT_OBJC_ISA_USAGE = YES_ERROR;
				CLANG_WARN_DOCUMENTATION_COMMENTS = YES;
				CLANG_WARN_EMPTY_BODY = YES;
				CLANG_WARN_ENUM_CONVERSION = YES;
				CLANG_WARN_INFINITE_RECURSION = YES;
				CLANG_WARN_INT_CONVERSION = YES;
				CLANG_WARN_NON_LITERAL_NULL_CONVERSION = YES;
				CLANG_WARN_OBJC_LITERAL_CONVERSION = YES;
				CLANG_WARN_OBJC_ROOT_CLASS = YES_ERROR;
				CLANG_WARN_RANGE_LOOP_ANALYSIS = YES;
				CLANG_WARN_STRICT_PROTOTYPES = YES;
				CLANG_WARN_SUSPICIOUS_MOVE = YES;
				CLANG_WARN_UNGUARDED_AVAILABILITY = YES_AGGRESSIVE;
				CLANG_WARN_UNREACHABLE_CODE = YES;
				CLANG_WARN__DUPLICATE_METHOD_MATCH = YES;
				CODE_SIGN_IDENTITY = "iPhone Developer";
				COPY_PHASE_STRIP = NO;
				DEBUG_INFORMATION_FORMAT = dwarf;
				ENABLE_STRICT_OBJC_MSGSEND = YES;
				ENABLE_TESTABILITY = YES;
				GCC_C_LANGUAGE_STANDARD = gnu11;
				GCC_DYNAMIC_NO_PIC = NO;
				GCC_NO_COMMON_BLOCKS = YES;
				GCC_OPTIMIZATION_LEVEL = 0;
				GCC_PREPROCESSOR_DEFINITIONS = (
					"DEBUG=1",
					"$(inherited)",
				);
				GCC_WARN_64_TO_32_BIT_CONVERSION = YES;
				GCC_WARN_ABOUT_RETURN_TYPE = YES_ERROR;
				GCC_WARN_UNDECLARED_SELECTOR = YES;
				GCC_WARN_UNINITIALIZED_AUTOS = YES_AGGRESSIVE;
				GCC_WARN_UNUSED_FUNCTION = YES;
				GCC_WARN_UNUSED_VARIABLE = YES;
				IPHONEOS_DEPLOYMENT_TARGET = 11.0;
				MTL_ENABLE_DEBUG_INFO = YES;
				ONLY_ACTIVE_ARCH = YES;
				SDKROOT = iphoneos;
				SWIFT_ACTIVE_COMPILATION_CONDITIONS = DEBUG;
				SWIFT_OPTIMIZATION_LEVEL = "-Onone";
			};
			name = Debug;
		};
		7D085C8D1F8F48C7006CA52C /* Release */ = {
			isa = XCBuildConfiguration;
			buildSettings = {
				ALWAYS_SEARCH_USER_PATHS = NO;
				CLANG_ANALYZER_NONNULL = YES;
				CLANG_ANALYZER_NUMBER_OBJECT_CONVERSION = YES_AGGRESSIVE;
				CLANG_CXX_LANGUAGE_STANDARD = "gnu++14";
				CLANG_CXX_LIBRARY = "libc++";
				CLANG_ENABLE_MODULES = YES;
				CLANG_ENABLE_OBJC_ARC = YES;
				CLANG_WARN_BLOCK_CAPTURE_AUTORELEASING = YES;
				CLANG_WARN_BOOL_CONVERSION = YES;
				CLANG_WARN_COMMA = YES;
				CLANG_WARN_CONSTANT_CONVERSION = YES;
				CLANG_WARN_DIRECT_OBJC_ISA_USAGE = YES_ERROR;
				CLANG_WARN_DOCUMENTATION_COMMENTS = YES;
				CLANG_WARN_EMPTY_BODY = YES;
				CLANG_WARN_ENUM_CONVERSION = YES;
				CLANG_WARN_INFINITE_RECURSION = YES;
				CLANG_WARN_INT_CONVERSION = YES;
				CLANG_WARN_NON_LITERAL_NULL_CONVERSION = YES;
				CLANG_WARN_OBJC_LITERAL_CONVERSION = YES;
				CLANG_WARN_OBJC_ROOT_CLASS = YES_ERROR;
				CLANG_WARN_RANGE_LOOP_ANALYSIS = YES;
				CLANG_WARN_STRICT_PROTOTYPES = YES;
				CLANG_WARN_SUSPICIOUS_MOVE = YES;
				CLANG_WARN_UNGUARDED_AVAILABILITY = YES_AGGRESSIVE;
				CLANG_WARN_UNREACHABLE_CODE = YES;
				CLANG_WARN__DUPLICATE_METHOD_MATCH = YES;
				CODE_SIGN_IDENTITY = "iPhone Developer";
				COPY_PHASE_STRIP = NO;
				DEBUG_INFORMATION_FORMAT = "dwarf-with-dsym";
				ENABLE_NS_ASSERTIONS = NO;
				ENABLE_STRICT_OBJC_MSGSEND = YES;
				GCC_C_LANGUAGE_STANDARD = gnu11;
				GCC_NO_COMMON_BLOCKS = YES;
				GCC_WARN_64_TO_32_BIT_CONVERSION = YES;
				GCC_WARN_ABOUT_RETURN_TYPE = YES_ERROR;
				GCC_WARN_UNDECLARED_SELECTOR = YES;
				GCC_WARN_UNINITIALIZED_AUTOS = YES_AGGRESSIVE;
				GCC_WARN_UNUSED_FUNCTION = YES;
				GCC_WARN_UNUSED_VARIABLE = YES;
				IPHONEOS_DEPLOYMENT_TARGET = 11.0;
				MTL_ENABLE_DEBUG_INFO = NO;
				SDKROOT = iphoneos;
				SWIFT_OPTIMIZATION_LEVEL = "-Owholemodule";
				VALIDATE_PRODUCT = YES;
			};
			name = Release;
		};
		7D085C8F1F8F48C7006CA52C /* Debug */ = {
			isa = XCBuildConfiguration;
			baseConfigurationReference = 3913A978728E1E0117FEEDC5 /* Pods-SwiftLib.debug.xcconfig */;
			buildSettings = {
				ASSETCATALOG_COMPILER_APPICON_NAME = AppIcon;
				CODE_SIGN_STYLE = Automatic;
				DEVELOPMENT_TEAM = G7V4WL43S4;
				INFOPLIST_FILE = SwiftLib/Info.plist;
				LD_RUNPATH_SEARCH_PATHS = "$(inherited) @executable_path/Frameworks";
				PRODUCT_BUNDLE_IDENTIFIER = cndotabestdota.SwiftLib;
				PRODUCT_NAME = "$(TARGET_NAME)";
				SWIFT_VERSION = 4.0;
				TARGETED_DEVICE_FAMILY = "1,2";
			};
			name = Debug;
		};
		7D085C901F8F48C7006CA52C /* Release */ = {
			isa = XCBuildConfiguration;
			baseConfigurationReference = 25DC4ED96E3E1D967B2B66FD /* Pods-SwiftLib.release.xcconfig */;
			buildSettings = {
				ASSETCATALOG_COMPILER_APPICON_NAME = AppIcon;
				CODE_SIGN_STYLE = Automatic;
				DEVELOPMENT_TEAM = G7V4WL43S4;
				INFOPLIST_FILE = SwiftLib/Info.plist;
				LD_RUNPATH_SEARCH_PATHS = "$(inherited) @executable_path/Frameworks";
				PRODUCT_BUNDLE_IDENTIFIER = cndotabestdota.SwiftLib;
				PRODUCT_NAME = "$(TARGET_NAME)";
				SWIFT_VERSION = 4.0;
				TARGETED_DEVICE_FAMILY = "1,2";
			};
			name = Release;
		};
/* End XCBuildConfiguration section */

/* Begin XCConfigurationList section */
		7D085C771F8F48C7006CA52C /* Build configuration list for PBXProject "SwiftLib" */ = {
			isa = XCConfigurationList;
			buildConfigurations = (
				7D085C8C1F8F48C7006CA52C /* Debug */,
				7D085C8D1F8F48C7006CA52C /* Release */,
			);
			defaultConfigurationIsVisible = 0;
			defaultConfigurationName = Release;
		};
		7D085C8E1F8F48C7006CA52C /* Build configuration list for PBXNativeTarget "SwiftLib" */ = {
			isa = XCConfigurationList;
			buildConfigurations = (
				7D085C8F1F8F48C7006CA52C /* Debug */,
				7D085C901F8F48C7006CA52C /* Release */,
			);
			defaultConfigurationIsVisible = 0;
			defaultConfigurationName = Release;
		};
/* End XCConfigurationList section */
	};
	rootObject = 7D085C741F8F48C7006CA52C /* Project object */;
}
